
Microsoft Visual Studio Solution File, Format Version 12.00
# Visual Studio 15
Project("{FAE04EC0-301F-11D3-BF4B-00C04F79EFBC}") = "Assembly-CSharp", "Assembly-CSharp.csproj", "{055C0EE2-E5DB-6F12-E925-8B70934C4CE6}"
EndProject
Project("{FAE04EC0-301F-11D3-BF4B-00C04F79EFBC}") = "Assembly-CSharp-firstpass", "Assembly-CSharp-firstpass.csproj", "{B853948C-BD99-3C1B-1F85-43A650794F00}"
EndProject
Project("{FAE04EC0-301F-11D3-BF4B-00C04F79EFBC}") = "Assembly-CSharp-Editor", "Assembly-CSharp-Editor.csproj", "{9B06A459-4643-7BF5-FAFC-6BEA8DF8E618}"
EndProject
Global
	GlobalSection(SolutionConfigurationPlatforms) = preSolution
		Debug|Any CPU = Debug|Any CPU
		Release|Any CPU = Release|Any CPU
	EndGlobalSection
	GlobalSection(ProjectConfigurationPlatforms) = postSolution
		{055C0EE2-E5DB-6F12-E925-8B70934C4CE6}.Debug|Any CPU.ActiveCfg = Debug|Any CPU
		{055C0EE2-E5DB-6F12-E925-8B70934C4CE6}.Debug|Any CPU.Build.0 = Debug|Any CPU
		{055C0EE2-E5DB-6F12-E925-8B70934C4CE6}.Release|Any CPU.ActiveCfg = Release|Any CPU
		{055C0EE2-E5DB-6F12-E925-8B70934C4CE6}.Release|Any CPU.Build.0 = Release|Any CPU
		{B853948C-BD99-3C1B-1F85-43A650794F00}.Debug|Any CPU.ActiveCfg = Debug|Any CPU
		{B853948C-BD99-3C1B-1F85-43A650794F00}.Debug|Any CPU.Build.0 = Debug|Any CPU
		{B853948C-BD99-3C1B-1F85-43A650794F00}.Release|Any CPU.ActiveCfg = Release|Any CPU
		{B853948C-BD99-3C1B-1F85-43A650794F00}.Release|Any CPU.Build.0 = Release|Any CPU
		{9B06A459-4643-7BF5-FAFC-6BEA8DF8E618}.Debug|Any CPU.ActiveCfg = Debug|Any CPU
		{9B06A459-4643-7BF5-FAFC-6BEA8DF8E618}.Debug|Any CPU.Build.0 = Debug|Any CPU
		{9B06A459-4643-7BF5-FAFC-6BEA8DF8E618}.Release|Any CPU.ActiveCfg = Release|Any CPU
		{9B06A459-4643-7BF5-FAFC-6BEA8DF8E618}.Release|Any CPU.Build.0 = Release|Any CPU
	EndGlobalSection
	GlobalSection(SolutionProperties) = preSolution
		HideSolutionNode = FALSE
	EndGlobalSection
EndGlobal
